// !$*UTF8*$!
{
	archiveVersion = 1;
	classes = {
	};
	objectVersion = 46;
	objects = {

/* Begin PBXBuildFile section */
		DCE3DBF21A21687E0005FD39 /* AppDelegate.swift in Sources */ = {isa = PBXBuildFile; fileRef = DCE3DBF11A21687E0005FD39 /* AppDelegate.swift */; };
		DCE3DBF41A21687E0005FD39 /* FirstViewController.swift in Sources */ = {isa = PBXBuildFile; fileRef = DCE3DBF31A21687E0005FD39 /* FirstViewController.swift */; };
		DCE3DBF61A21687E0005FD39 /* SettingsViewController.swift in Sources */ = {isa = PBXBuildFile; fileRef = DCE3DBF51A21687E0005FD39 /* SettingsViewController.swift */; };
		DCE3DBF91A21687E0005FD39 /* Main.storyboard in Resources */ = {isa = PBXBuildFile; fileRef = DCE3DBF71A21687E0005FD39 /* Main.storyboard */; };
		DCE3DBFB1A21687E0005FD39 /* Images.xcassets in Resources */ = {isa = PBXBuildFile; fileRef = DCE3DBFA1A21687E0005FD39 /* Images.xcassets */; };
		DCE3DBFE1A21687E0005FD39 /* LaunchScreen.xib in Resources */ = {isa = PBXBuildFile; fileRef = DCE3DBFC1A21687E0005FD39 /* LaunchScreen.xib */; };
		DCE3DC0A1A21687E0005FD39 /* MeetingsTests.swift in Sources */ = {isa = PBXBuildFile; fileRef = DCE3DC091A21687E0005FD39 /* MeetingsTests.swift */; };
		DCE3DC161A2169130005FD39 /* Position.swift in Sources */ = {isa = PBXBuildFile; fileRef = DCE3DC151A2169130005FD39 /* Position.swift */; };
		DCF40B1B1A22B52500BD69B8 /* CommitteesViewController.swift in Sources */ = {isa = PBXBuildFile; fileRef = DCF40B1A1A22B52500BD69B8 /* CommitteesViewController.swift */; };
		DCF40B1D1A22BC6200BD69B8 /* PositionsViewController.swift in Sources */ = {isa = PBXBuildFile; fileRef = DCF40B1C1A22BC6200BD69B8 /* PositionsViewController.swift */; };
		DCF40B1F1A22BE5300BD69B8 /* NewPositionController.swift in Sources */ = {isa = PBXBuildFile; fileRef = DCF40B1E1A22BE5300BD69B8 /* NewPositionController.swift */; };
		DCF40B211A22BE7600BD69B8 /* NewCommitteeController.swift in Sources */ = {isa = PBXBuildFile; fileRef = DCF40B201A22BE7600BD69B8 /* NewCommitteeController.swift */; };
		DCF8857C1A22C48800AC2747 /* TabBarController.swift in Sources */ = {isa = PBXBuildFile; fileRef = DCF8857B1A22C48800AC2747 /* TabBarController.swift */; };
		DCF8857E1A22D54700AC2747 /* PickerParticipantController.swift in Sources */ = {isa = PBXBuildFile; fileRef = DCF8857D1A22D54700AC2747 /* PickerParticipantController.swift */; };
		DCF885801A22DA6A00AC2747 /* AppData.swift in Sources */ = {isa = PBXBuildFile; fileRef = DCF8857F1A22DA6A00AC2747 /* AppData.swift */; };
		DCF885821A22DAE200AC2747 /* Committee.swift in Sources */ = {isa = PBXBuildFile; fileRef = DCF885811A22DAE200AC2747 /* Committee.swift */; };
		DCF885841A22F14000AC2747 /* EditPositionViewController.swift in Sources */ = {isa = PBXBuildFile; fileRef = DCF885831A22F14000AC2747 /* EditPositionViewController.swift */; };
		DCF885861A23031900AC2747 /* 17214.png in Resources */ = {isa = PBXBuildFile; fileRef = DCF885851A23031900AC2747 /* 17214.png */; };
		DCF885881A2307D300AC2747 /* ParticipantsCell.swift in Sources */ = {isa = PBXBuildFile; fileRef = DCF885871A2307D300AC2747 /* ParticipantsCell.swift */; };
		DCF8858A1A2313F800AC2747 /* EditCommitteeController.swift in Sources */ = {isa = PBXBuildFile; fileRef = DCF885891A2313F800AC2747 /* EditCommitteeController.swift */; };
		DCF8858E1A23171F00AC2747 /* EditParticipantCell.swift in Sources */ = {isa = PBXBuildFile; fileRef = DCF8858D1A23171F00AC2747 /* EditParticipantCell.swift */; };
/* End PBXBuildFile section */

/* Begin PBXContainerItemProxy section */
		DCE3DC041A21687E0005FD39 /* PBXContainerItemProxy */ = {
			isa = PBXContainerItemProxy;
			containerPortal = DCE3DBE41A21687E0005FD39 /* Project object */;
			proxyType = 1;
			remoteGlobalIDString = DCE3DBEB1A21687E0005FD39;
			remoteInfo = Meetings;
		};
/* End PBXContainerItemProxy section */

/* Begin PBXFileReference section */
		DCE3DBEC1A21687E0005FD39 /* Meetings.app */ = {isa = PBXFileReference; explicitFileType = wrapper.application; includeInIndex = 0; path = Meetings.app; sourceTree = BUILT_PRODUCTS_DIR; };
		DCE3DBF01A21687E0005FD39 /* Info.plist */ = {isa = PBXFileReference; lastKnownFileType = text.plist.xml; path = Info.plist; sourceTree = "<group>"; };
		DCE3DBF11A21687E0005FD39 /* AppDelegate.swift */ = {isa = PBXFileReference; lastKnownFileType = sourcecode.swift; path = AppDelegate.swift; sourceTree = "<group>"; };
		DCE3DBF31A21687E0005FD39 /* FirstViewController.swift */ = {isa = PBXFileReference; lastKnownFileType = sourcecode.swift; path = FirstViewController.swift; sourceTree = "<group>"; };
		DCE3DBF51A21687E0005FD39 /* SettingsViewController.swift */ = {isa = PBXFileReference; lastKnownFileType = sourcecode.swift; path = SettingsViewController.swift; sourceTree = "<group>"; };
		DCE3DBF81A21687E0005FD39 /* Base */ = {isa = PBXFileReference; lastKnownFileType = file.storyboard; name = Base; path = Base.lproj/Main.storyboard; sourceTree = "<group>"; };
		DCE3DBFA1A21687E0005FD39 /* Images.xcassets */ = {isa = PBXFileReference; lastKnownFileType = folder.assetcatalog; path = Images.xcassets; sourceTree = "<group>"; };
		DCE3DBFD1A21687E0005FD39 /* Base */ = {isa = PBXFileReference; lastKnownFileType = file.xib; name = Base; path = Base.lproj/LaunchScreen.xib; sourceTree = "<group>"; };
		DCE3DC031A21687E0005FD39 /* MeetingsTests.xctest */ = {isa = PBXFileReference; explicitFileType = wrapper.cfbundle; includeInIndex = 0; path = MeetingsTests.xctest; sourceTree = BUILT_PRODUCTS_DIR; };
		DCE3DC081A21687E0005FD39 /* Info.plist */ = {isa = PBXFileReference; lastKnownFileType = text.plist.xml; path = Info.plist; sourceTree = "<group>"; };
		DCE3DC091A21687E0005FD39 /* MeetingsTests.swift */ = {isa = PBXFileReference; lastKnownFileType = sourcecode.swift; path = MeetingsTests.swift; sourceTree = "<group>"; };
		DCE3DC151A2169130005FD39 /* Position.swift */ = {isa = PBXFileReference; fileEncoding = 4; lastKnownFileType = sourcecode.swift; name = Position.swift; path = Meetings/Position.swift; sourceTree = "<group>"; };
		DCE3DC471A22A6E70005FD39 /* MyPlayground.playground */ = {isa = PBXFileReference; lastKnownFileType = file.playground; path = MyPlayground.playground; sourceTree = "<group>"; };
		DCF40B1A1A22B52500BD69B8 /* CommitteesViewController.swift */ = {isa = PBXFileReference; fileEncoding = 4; lastKnownFileType = sourcecode.swift; path = CommitteesViewController.swift; sourceTree = "<group>"; };
		DCF40B1C1A22BC6200BD69B8 /* PositionsViewController.swift */ = {isa = PBXFileReference; fileEncoding = 4; lastKnownFileType = sourcecode.swift; path = PositionsViewController.swift; sourceTree = "<group>"; };
		DCF40B1E1A22BE5300BD69B8 /* NewPositionController.swift */ = {isa = PBXFileReference; fileEncoding = 4; lastKnownFileType = sourcecode.swift; path = NewPositionController.swift; sourceTree = "<group>"; };
		DCF40B201A22BE7600BD69B8 /* NewCommitteeController.swift */ = {isa = PBXFileReference; fileEncoding = 4; lastKnownFileType = sourcecode.swift; path = NewCommitteeController.swift; sourceTree = "<group>"; };
		DCF8857B1A22C48800AC2747 /* TabBarController.swift */ = {isa = PBXFileReference; fileEncoding = 4; lastKnownFileType = sourcecode.swift; path = TabBarController.swift; sourceTree = "<group>"; };
		DCF8857D1A22D54700AC2747 /* PickerParticipantController.swift */ = {isa = PBXFileReference; fileEncoding = 4; lastKnownFileType = sourcecode.swift; path = PickerParticipantController.swift; sourceTree = "<group>"; };
		DCF8857F1A22DA6A00AC2747 /* AppData.swift */ = {isa = PBXFileReference; fileEncoding = 4; lastKnownFileType = sourcecode.swift; path = AppData.swift; sourceTree = "<group>"; };
		DCF885811A22DAE200AC2747 /* Committee.swift */ = {isa = PBXFileReference; fileEncoding = 4; lastKnownFileType = sourcecode.swift; path = Committee.swift; sourceTree = "<group>"; };
		DCF885831A22F14000AC2747 /* EditPositionViewController.swift */ = {isa = PBXFileReference; fileEncoding = 4; lastKnownFileType = sourcecode.swift; path = EditPositionViewController.swift; sourceTree = "<group>"; };
		DCF885851A23031900AC2747 /* 17214.png */ = {isa = PBXFileReference; lastKnownFileType = image.png; name = 17214.png; path = ../../../Downloads/17214.png; sourceTree = "<group>"; };
		DCF885871A2307D300AC2747 /* ParticipantsCell.swift */ = {isa = PBXFileReference; fileEncoding = 4; lastKnownFileType = sourcecode.swift; path = ParticipantsCell.swift; sourceTree = "<group>"; };
		DCF885891A2313F800AC2747 /* EditCommitteeController.swift */ = {isa = PBXFileReference; fileEncoding = 4; lastKnownFileType = sourcecode.swift; path = EditCommitteeController.swift; sourceTree = "<group>"; };
		DCF8858D1A23171F00AC2747 /* EditParticipantCell.swift */ = {isa = PBXFileReference; fileEncoding = 4; lastKnownFileType = sourcecode.swift; path = EditParticipantCell.swift; sourceTree = "<group>"; };
/* End PBXFileReference section */

/* Begin PBXFrameworksBuildPhase section */
		DCE3DBE91A21687E0005FD39 /* Frameworks */ = {
			isa = PBXFrameworksBuildPhase;
			buildActionMask = 2147483647;
			files = (
			);
			runOnlyForDeploymentPostprocessing = 0;
		};
		DCE3DC001A21687E0005FD39 /* Frameworks */ = {
			isa = PBXFrameworksBuildPhase;
			buildActionMask = 2147483647;
			files = (
			);
			runOnlyForDeploymentPostprocessing = 0;
		};
/* End PBXFrameworksBuildPhase section */

/* Begin PBXGroup section */
		DCE3DBE31A21687E0005FD39 = {
			isa = PBXGroup;
			children = (
				DCE3DC151A2169130005FD39 /* Position.swift */,
				DCF885811A22DAE200AC2747 /* Committee.swift */,
				DCE3DBEE1A21687E0005FD39 /* Meetings */,
				DCE3DC061A21687E0005FD39 /* MeetingsTests */,
				DCE3DBED1A21687E0005FD39 /* Products */,
			);
			sourceTree = "<group>";
		};
		DCE3DBED1A21687E0005FD39 /* Products */ = {
			isa = PBXGroup;
			children = (
				DCE3DBEC1A21687E0005FD39 /* Meetings.app */,
				DCE3DC031A21687E0005FD39 /* MeetingsTests.xctest */,
			);
			name = Products;
			sourceTree = "<group>";
		};
		DCE3DBEE1A21687E0005FD39 /* Meetings */ = {
			isa = PBXGroup;
			children = (
				DCE3DBF11A21687E0005FD39 /* AppDelegate.swift */,
				DCF885871A2307D300AC2747 /* ParticipantsCell.swift */,
				DCF8858D1A23171F00AC2747 /* EditParticipantCell.swift */,
				DCF8857F1A22DA6A00AC2747 /* AppData.swift */,
				DCF885891A2313F800AC2747 /* EditCommitteeController.swift */,
				DCF40B201A22BE7600BD69B8 /* NewCommitteeController.swift */,
				DCF8857B1A22C48800AC2747 /* TabBarController.swift */,
				DCE3DBF51A21687E0005FD39 /* SettingsViewController.swift */,
				DCE3DBF31A21687E0005FD39 /* FirstViewController.swift */,
				DCF885831A22F14000AC2747 /* EditPositionViewController.swift */,
				DCF40B1A1A22B52500BD69B8 /* CommitteesViewController.swift */,
				DCF40B1C1A22BC6200BD69B8 /* PositionsViewController.swift */,
				DCF40B1E1A22BE5300BD69B8 /* NewPositionController.swift */,
				DCF8857D1A22D54700AC2747 /* PickerParticipantController.swift */,
				DCE3DBF71A21687E0005FD39 /* Main.storyboard */,
				DCE3DC471A22A6E70005FD39 /* MyPlayground.playground */,
				DCF885851A23031900AC2747 /* 17214.png */,
				DCE3DBFA1A21687E0005FD39 /* Images.xcassets */,
				DCE3DBFC1A21687E0005FD39 /* LaunchScreen.xib */,
				DCE3DBEF1A21687E0005FD39 /* Supporting Files */,
			);
			path = Meetings;
			sourceTree = "<group>";
		};
		DCE3DBEF1A21687E0005FD39 /* Supporting Files */ = {
			isa = PBXGroup;
			children = (
				DCE3DBF01A21687E0005FD39 /* Info.plist */,
			);
			name = "Supporting Files";
			sourceTree = "<group>";
		};
		DCE3DC061A21687E0005FD39 /* MeetingsTests */ = {
			isa = PBXGroup;
			children = (
				DCE3DC091A21687E0005FD39 /* MeetingsTests.swift */,
				DCE3DC071A21687E0005FD39 /* Supporting Files */,
			);
			path = MeetingsTests;
			sourceTree = "<group>";
		};
		DCE3DC071A21687E0005FD39 /* Supporting Files */ = {
			isa = PBXGroup;
			children = (
				DCE3DC081A21687E0005FD39 /* Info.plist */,
			);
			name = "Supporting Files";
			sourceTree = "<group>";
		};
/* End PBXGroup section */

/* Begin PBXNativeTarget section */
		DCE3DBEB1A21687E0005FD39 /* Meetings */ = {
			isa = PBXNativeTarget;
			buildConfigurationList = DCE3DC0D1A21687E0005FD39 /* Build configuration list for PBXNativeTarget "Meetings" */;
			buildPhases = (
				DCE3DBE81A21687E0005FD39 /* Sources */,
				DCE3DBE91A21687E0005FD39 /* Frameworks */,
				DCE3DBEA1A21687E0005FD39 /* Resources */,
			);
			buildRules = (
			);
			dependencies = (
			);
			name = Meetings;
			productName = Meetings;
			productReference = DCE3DBEC1A21687E0005FD39 /* Meetings.app */;
			productType = "com.apple.product-type.application";
		};
		DCE3DC021A21687E0005FD39 /* MeetingsTests */ = {
			isa = PBXNativeTarget;
			buildConfigurationList = DCE3DC101A21687E0005FD39 /* Build configuration list for PBXNativeTarget "MeetingsTests" */;
			buildPhases = (
				DCE3DBFF1A21687E0005FD39 /* Sources */,
				DCE3DC001A21687E0005FD39 /* Frameworks */,
				DCE3DC011A21687E0005FD39 /* Resources */,
			);
			buildRules = (
			);
			dependencies = (
				DCE3DC051A21687E0005FD39 /* PBXTargetDependency */,
			);
			name = MeetingsTests;
			productName = MeetingsTests;
			productReference = DCE3DC031A21687E0005FD39 /* MeetingsTests.xctest */;
			productType = "com.apple.product-type.bundle.unit-test";
		};
/* End PBXNativeTarget section */

/* Begin PBXProject section */
		DCE3DBE41A21687E0005FD39 /* Project object */ = {
			isa = PBXProject;
			attributes = {
				LastUpgradeCheck = 0610;
				ORGANIZATIONNAME = "FELIX DESCOTEAUX";
				TargetAttributes = {
					DCE3DBEB1A21687E0005FD39 = {
						CreatedOnToolsVersion = 6.1;
					};
					DCE3DC021A21687E0005FD39 = {
						CreatedOnToolsVersion = 6.1;
						TestTargetID = DCE3DBEB1A21687E0005FD39;
					};
				};
			};
			buildConfigurationList = DCE3DBE71A21687E0005FD39 /* Build configuration list for PBXProject "Meetings" */;
			compatibilityVersion = "Xcode 3.2";
			developmentRegion = English;
			hasScannedForEncodings = 0;
			knownRegions = (
				en,
				Base,
			);
			mainGroup = DCE3DBE31A21687E0005FD39;
			productRefGroup = DCE3DBED1A21687E0005FD39 /* Products */;
			projectDirPath = "";
			projectRoot = "";
			targets = (
				DCE3DBEB1A21687E0005FD39 /* Meetings */,
				DCE3DC021A21687E0005FD39 /* MeetingsTests */,
			);
		};
/* End PBXProject section */

/* Begin PBXResourcesBuildPhase section */
		DCE3DBEA1A21687E0005FD39 /* Resources */ = {
			isa = PBXResourcesBuildPhase;
			buildActionMask = 2147483647;
			files = (
				DCE3DBF91A21687E0005FD39 /* Main.storyboard in Resources */,
				DCE3DBFE1A21687E0005FD39 /* LaunchScreen.xib in Resources */,
				DCE3DBFB1A21687E0005FD39 /* Images.xcassets in Resources */,
				DCF885861A23031900AC2747 /* 17214.png in Resources */,
			);
			runOnlyForDeploymentPostprocessing = 0;
		};
		DCE3DC011A21687E0005FD39 /* Resources */ = {
			isa = PBXResourcesBuildPhase;
			buildActionMask = 2147483647;
			files = (
			);
			runOnlyForDeploymentPostprocessing = 0;
		};
/* End PBXResourcesBuildPhase section */

/* Begin PBXSourcesBuildPhase section */
		DCE3DBE81A21687E0005FD39 /* Sources */ = {
			isa = PBXSourcesBuildPhase;
			buildActionMask = 2147483647;
			files = (
				DCF40B1B1A22B52500BD69B8 /* CommitteesViewController.swift in Sources */,
				DCF885821A22DAE200AC2747 /* Committee.swift in Sources */,
				DCF40B1F1A22BE5300BD69B8 /* NewPositionController.swift in Sources */,
				DCE3DBF61A21687E0005FD39 /* SettingsViewController.swift in Sources */,
				DCF8857E1A22D54700AC2747 /* PickerParticipantController.swift in Sources */,
				DCF8857C1A22C48800AC2747 /* TabBarController.swift in Sources */,
				DCF8858A1A2313F800AC2747 /* EditCommitteeController.swift in Sources */,
				DCF40B211A22BE7600BD69B8 /* NewCommitteeController.swift in Sources */,
				DCF885841A22F14000AC2747 /* EditPositionViewController.swift in Sources */,
				DCF8858E1A23171F00AC2747 /* EditParticipantCell.swift in Sources */,
				DCE3DBF21A21687E0005FD39 /* AppDelegate.swift in Sources */,
				DCE3DBF41A21687E0005FD39 /* FirstViewController.swift in Sources */,
				DCE3DC161A2169130005FD39 /* Position.swift in Sources */,
				DCF40B1D1A22BC6200BD69B8 /* PositionsViewController.swift in Sources */,
				DCF885801A22DA6A00AC2747 /* AppData.swift in Sources */,
				DCF885881A2307D300AC2747 /* ParticipantsCell.swift in Sources */,
			);
			runOnlyForDeploymentPostprocessing = 0;
		};
		DCE3DBFF1A21687E0005FD39 /* Sources */ = {
			isa = PBXSourcesBuildPhase;
			buildActionMask = 2147483647;
			files = (
				DCE3DC0A1A21687E0005FD39 /* MeetingsTests.swift in Sources */,
			);
			runOnlyForDeploymentPostprocessing = 0;
		};
/* End PBXSourcesBuildPhase section */

/* Begin PBXTargetDependency section */
		DCE3DC051A21687E0005FD39 /* PBXTargetDependency */ = {
			isa = PBXTargetDependency;
			target = DCE3DBEB1A21687E0005FD39 /* Meetings */;
			targetProxy = DCE3DC041A21687E0005FD39 /* PBXContainerItemProxy */;
		};
/* End PBXTargetDependency section */

/* Begin PBXVariantGroup section */
		DCE3DBF71A21687E0005FD39 /* Main.storyboard */ = {
			isa = PBXVariantGroup;
			children = (
				DCE3DBF81A21687E0005FD39 /* Base */,
			);
			name = Main.storyboard;
			sourceTree = "<group>";
		};
		DCE3DBFC1A21687E0005FD39 /* LaunchScreen.xib */ = {
			isa = PBXVariantGroup;
			children = (
				DCE3DBFD1A21687E0005FD39 /* Base */,
			);
			name = LaunchScreen.xib;
			sourceTree = "<group>";
		};
/* End PBXVariantGroup section */

/* Begin XCBuildConfiguration section */
		DCE3DC0B1A21687E0005FD39 /* Debug */ = {
			isa = XCBuildConfiguration;
			buildSettings = {
				ALWAYS_SEARCH_USER_PATHS = NO;
				CLANG_CXX_LANGUAGE_STANDARD = "gnu++0x";
				CLANG_CXX_LIBRARY = "libc++";
				CLANG_ENABLE_MODULES = YES;
				CLANG_ENABLE_OBJC_ARC = YES;
				CLANG_WARN_BOOL_CONVERSION = YES;
				CLANG_WARN_CONSTANT_CONVERSION = YES;
				CLANG_WARN_DIRECT_OBJC_ISA_USAGE = YES_ERROR;
				CLANG_WARN_EMPTY_BODY = YES;
				CLANG_WARN_ENUM_CONVERSION = YES;
				CLANG_WARN_INT_CONVERSION = YES;
				CLANG_WARN_OBJC_ROOT_CLASS = YES_ERROR;
				CLANG_WARN_UNREACHABLE_CODE = YES;
				CLANG_WARN__DUPLICATE_METHOD_MATCH = YES;
				"CODE_SIGN_IDENTITY[sdk=iphoneos*]" = "iPhone Developer";
				COPY_PHASE_STRIP = NO;
				ENABLE_STRICT_OBJC_MSGSEND = YES;
				GCC_C_LANGUAGE_STANDARD = gnu99;
				GCC_DYNAMIC_NO_PIC = NO;
				GCC_OPTIMIZATION_LEVEL = 0;
				GCC_PREPROCESSOR_DEFINITIONS = (
					"DEBUG=1",
					"$(inherited)",
				);
				GCC_SYMBOLS_PRIVATE_EXTERN = NO;
				GCC_WARN_64_TO_32_BIT_CONVERSION = YES;
				GCC_WARN_ABOUT_RETURN_TYPE = YES_ERROR;
				GCC_WARN_UNDECLARED_SELECTOR = YES;
				GCC_WARN_UNINITIALIZED_AUTOS = YES_AGGRESSIVE;
				GCC_WARN_UNUSED_FUNCTION = YES;
				GCC_WARN_UNUSED_VARIABLE = YES;
				IPHONEOS_DEPLOYMENT_TARGET = 8.1;
				MTL_ENABLE_DEBUG_INFO = YES;
				ONLY_ACTIVE_ARCH = YES;
				SDKROOT = iphoneos;
				SWIFT_OPTIMIZATION_LEVEL = "-Onone";
			};
			name = Debug;
		};
		DCE3DC0C1A21687E0005FD39 /* Release */ = {
			isa = XCBuildConfiguration;
			buildSettings = {
				ALWAYS_SEARCH_USER_PATHS = NO;
				CLANG_CXX_LANGUAGE_STANDARD = "gnu++0x";
				CLANG_CXX_LIBRARY = "libc++";
				CLANG_ENABLE_MODULES = YES;
				CLANG_ENABLE_OBJC_ARC = YES;
				CLANG_WARN_BOOL_CONVERSION = YES;
				CLANG_WARN_CONSTANT_CONVERSION = YES;
				CLANG_WARN_DIRECT_OBJC_ISA_USAGE = YES_ERROR;
				CLANG_WARN_EMPTY_BODY = YES;
				CLANG_WARN_ENUM_CONVERSION = YES;
				CLANG_WARN_INT_CONVERSION = YES;
				CLANG_WARN_OBJC_ROOT_CLASS = YES_ERROR;
				CLANG_WARN_UNREACHABLE_CODE = YES;
				CLANG_WARN__DUPLICATE_METHOD_MATCH = YES;
				"CODE_SIGN_IDENTITY[sdk=iphoneos*]" = "iPhone Developer";
				COPY_PHASE_STRIP = YES;
				ENABLE_NS_ASSERTIONS = NO;
				ENABLE_STRICT_OBJC_MSGSEND = YES;
				GCC_C_LANGUAGE_STANDARD = gnu99;
				GCC_WARN_64_TO_32_BIT_CONVERSION = YES;
				GCC_WARN_ABOUT_RETURN_TYPE = YES_ERROR;
				GCC_WARN_UNDECLARED_SELECTOR = YES;
				GCC_WARN_UNINITIALIZED_AUTOS = YES_AGGRESSIVE;
				GCC_WARN_UNUSED_FUNCTION = YES;
				GCC_WARN_UNUSED_VARIABLE = YES;
				IPHONEOS_DEPLOYMENT_TARGET = 8.1;
				MTL_ENABLE_DEBUG_INFO = NO;
				SDKROOT = iphoneos;
				VALIDATE_PRODUCT = YES;
			};
			name = Release;
		};
		DCE3DC0E1A21687E0005FD39 /* Debug */ = {
			isa = XCBuildConfiguration;
			buildSettings = {
				ASSETCATALOG_COMPILER_APPICON_NAME = AppIcon;
				INFOPLIST_FILE = Meetings/Info.plist;
				LD_RUNPATH_SEARCH_PATHS = "$(inherited) @executable_path/Frameworks";
				PRODUCT_NAME = "$(TARGET_NAME)";
			};
			name = Debug;
		};
		DCE3DC0F1A21687E0005FD39 /* Release */ = {
			isa = XCBuildConfiguration;
			buildSettings = {
				ASSETCATALOG_COMPILER_APPICON_NAME = AppIcon;
				INFOPLIST_FILE = Meetings/Info.plist;
				LD_RUNPATH_SEARCH_PATHS = "$(inherited) @executable_path/Frameworks";
				PRODUCT_NAME = "$(TARGET_NAME)";
			};
			name = Release;
		};
		DCE3DC111A21687E0005FD39 /* Debug */ = {
			isa = XCBuildConfiguration;
			buildSettings = {
				BUNDLE_LOADER = "$(TEST_HOST)";
				FRAMEWORK_SEARCH_PATHS = (
					"$(SDKROOT)/Developer/Library/Frameworks",
					"$(inherited)",
				);
				GCC_PREPROCESSOR_DEFINITIONS = (
					"DEBUG=1",
					"$(inherited)",
				);
				INFOPLIST_FILE = MeetingsTests/Info.plist;
				LD_RUNPATH_SEARCH_PATHS = "$(inherited) @executable_path/Frameworks @loader_path/Frameworks";
				PRODUCT_NAME = "$(TARGET_NAME)";
				TEST_HOST = "$(BUILT_PRODUCTS_DIR)/Meetings.app/Meetings";
			};
			name = Debug;
		};
		DCE3DC121A21687E0005FD39 /* Release */ = {
			isa = XCBuildConfiguration;
			buildSettings = {
				BUNDLE_LOADER = "$(TEST_HOST)";
				FRAMEWORK_SEARCH_PATHS = (
					"$(SDKROOT)/Developer/Library/Frameworks",
					"$(inherited)",
				);
				INFOPLIST_FILE = MeetingsTests/Info.plist;
				LD_RUNPATH_SEARCH_PATHS = "$(inherited) @executable_path/Frameworks @loader_path/Frameworks";
				PRODUCT_NAME = "$(TARGET_NAME)";
				TEST_HOST = "$(BUILT_PRODUCTS_DIR)/Meetings.app/Meetings";
			};
			name = Release;
		};
/* End XCBuildConfiguration section */

/* Begin XCConfigurationList section */
		DCE3DBE71A21687E0005FD39 /* Build configuration list for PBXProject "Meetings" */ = {
			isa = XCConfigurationList;
			buildConfigurations = (
				DCE3DC0B1A21687E0005FD39 /* Debug */,
				DCE3DC0C1A21687E0005FD39 /* Release */,
			);
			defaultConfigurationIsVisible = 0;
			defaultConfigurationName = Release;
		};
		DCE3DC0D1A21687E0005FD39 /* Build configuration list for PBXNativeTarget "Meetings" */ = {
			isa = XCConfigurationList;
			buildConfigurations = (
				DCE3DC0E1A21687E0005FD39 /* Debug */,
				DCE3DC0F1A21687E0005FD39 /* Release */,
			);
			defaultConfigurationIsVisible = 0;
			defaultConfigurationName = Release;
		};
		DCE3DC101A21687E0005FD39 /* Build configuration list for PBXNativeTarget "MeetingsTests" */ = {
			isa = XCConfigurationList;
			buildConfigurations = (
				DCE3DC111A21687E0005FD39 /* Debug */,
				DCE3DC121A21687E0005FD39 /* Release */,
			);
			defaultConfigurationIsVisible = 0;
			defaultConfigurationName = Release;
		};
/* End XCConfigurationList section */
	};
	rootObject = DCE3DBE41A21687E0005FD39 /* Project object */;
}
